Microsoft Visual Studio Solution File, Format Version 12.00
# Visual Studio 2013
VisualStudioVersion = 12.0.30723.0
MinimumVisualStudioVersion = 10.0.40219.1
Project("{FAE04EC0-301F-11D3-BF4B-00C04F79EFBC}") = "SocketBasedPublisher", "SocketPublisher\SocketBasedPublisher.csproj", "{FA1F5070-2F60-49DE-9609-533E555CF7A2}"
EndProject
Project("{FAE04EC0-301F-11D3-BF4B-00C04F79EFBC}") = "SocketBasedSubscriber", "SocketSubscriber\SocketBasedSubscriber.csproj", "{371C3C14-A0E3-4796-B11C-20C87F3AAC68}"
EndProject
Project("{FAE04EC0-301F-11D3-BF4B-00C04F79EFBC}") = "SocketBasedPubSubServer", "PubSubServer\SocketBasedPubSubServer.csproj", "{5E317D3F-08DB-40C1-A0EC-A6ADDA144906}"
EndProject
Project("{FAE04EC0-301F-11D3-BF4B-00C04F79EFBC}") = "SocketBasedPublisherConsole", "SocketBasedPublisherConsole\SocketBasedPublisherConsole.csproj", "{11EE06BC-E685-4EFB-87DF-6D91A5030FC0}"
EndProject
Project("{FAE04EC0-301F-11D3-BF4B-00C04F79EFBC}") = "SocketBasedSubscriberConsole", "SocketBasedSubscriberConsole\SocketBasedSubscriberConsole.csproj", "{440A88E6-026A-4920-8A03-49F7F7DCA676}"
EndProject
Project("{FAE04EC0-301F-11D3-BF4B-00C04F79EFBC}") = "SocketBasePubSubServerConsole", "SocketBasePubSubServerConsole\SocketBasePubSubServerConsole.csproj", "{BDF5461F-9CD3-49D5-B687-004123FE3A0B}"
EndProject
Project("{FAE04EC0-301F-11D3-BF4B-00C04F79EFBC}") = "WpfSubscriber", "WpfSubscriber\WpfSubscriber.csproj", "{FB4910C1-BB3D-477F-BA34-90B159F6EF5F}"
EndProject
Global
	GlobalSection(SolutionConfigurationPlatforms) = preSolution
		Debug|Any CPU = Debug|Any CPU
		Release|Any CPU = Release|Any CPU
	EndGlobalSection
	GlobalSection(ProjectConfigurationPlatforms) = postSolution
		{FA1F5070-2F60-49DE-9609-533E555CF7A2}.Debug|Any CPU.ActiveCfg = Debug|Any CPU
		{FA1F5070-2F60-49DE-9609-533E555CF7A2}.Debug|Any CPU.Build.0 = Debug|Any CPU
		{FA1F5070-2F60-49DE-9609-533E555CF7A2}.Release|Any CPU.ActiveCfg = Release|Any CPU
		{FA1F5070-2F60-49DE-9609-533E555CF7A2}.Release|Any CPU.Build.0 = Release|Any CPU
		{371C3C14-A0E3-4796-B11C-20C87F3AAC68}.Debug|Any CPU.ActiveCfg = Debug|Any CPU
		{371C3C14-A0E3-4796-B11C-20C87F3AAC68}.Debug|Any CPU.Build.0 = Debug|Any CPU
		{371C3C14-A0E3-4796-B11C-20C87F3AAC68}.Release|Any CPU.ActiveCfg = Release|Any CPU
		{371C3C14-A0E3-4796-B11C-20C87F3AAC68}.Release|Any CPU.Build.0 = Release|Any CPU
		{5E317D3F-08DB-40C1-A0EC-A6ADDA144906}.Debug|Any CPU.ActiveCfg = Debug|Any CPU
		{5E317D3F-08DB-40C1-A0EC-A6ADDA144906}.Debug|Any CPU.Build.0 = Debug|Any CPU
		{5E317D3F-08DB-40C1-A0EC-A6ADDA144906}.Release|Any CPU.ActiveCfg = Release|Any CPU
		{5E317D3F-08DB-40C1-A0EC-A6ADDA144906}.Release|Any CPU.Build.0 = Release|Any CPU
		{11EE06BC-E685-4EFB-87DF-6D91A5030FC0}.Debug|Any CPU.ActiveCfg = Debug|Any CPU
		{11EE06BC-E685-4EFB-87DF-6D91A5030FC0}.Debug|Any CPU.Build.0 = Debug|Any CPU
		{11EE06BC-E685-4EFB-87DF-6D91A5030FC0}.Release|Any CPU.ActiveCfg = Release|Any CPU
		{11EE06BC-E685-4EFB-87DF-6D91A5030FC0}.Release|Any CPU.Build.0 = Release|Any CPU
		{440A88E6-026A-4920-8A03-49F7F7DCA676}.Debug|Any CPU.ActiveCfg = Debug|Any CPU
		{440A88E6-026A-4920-8A03-49F7F7DCA676}.Debug|Any CPU.Build.0 = Debug|Any CPU
		{440A88E6-026A-4920-8A03-49F7F7DCA676}.Release|Any CPU.ActiveCfg = Release|Any CPU
		{440A88E6-026A-4920-8A03-49F7F7DCA676}.Release|Any CPU.Build.0 = Release|Any CPU
		{BDF5461F-9CD3-49D5-B687-004123FE3A0B}.Debug|Any CPU.ActiveCfg = Debug|Any CPU
		{BDF5461F-9CD3-49D5-B687-004123FE3A0B}.Debug|Any CPU.Build.0 = Debug|Any CPU
		{BDF5461F-9CD3-49D5-B687-004123FE3A0B}.Release|Any CPU.ActiveCfg = Release|Any CPU
		{BDF5461F-9CD3-49D5-B687-004123FE3A0B}.Release|Any CPU.Build.0 = Release|Any CPU
		{FB4910C1-BB3D-477F-BA34-90B159F6EF5F}.Debug|Any CPU.ActiveCfg = Debug|Any CPU
		{FB4910C1-BB3D-477F-BA34-90B159F6EF5F}.Debug|Any CPU.Build.0 = Debug|Any CPU
		{FB4910C1-BB3D-477F-BA34-90B159F6EF5F}.Release|Any CPU.ActiveCfg = Release|Any CPU
		{FB4910C1-BB3D-477F-BA34-90B159F6EF5F}.Release|Any CPU.Build.0 = Release|Any CPU
	EndGlobalSection
	GlobalSection(SolutionProperties) = preSolution
		HideSolutionNode = FALSE
	EndGlobalSection
EndGlobal
